
Microsoft Visual Studio Solution File, Format Version 12.00
# Visual Studio Express 15 for Windows Desktop
VisualStudioVersion = 15.0.36617.4
MinimumVisualStudioVersion = 10.0.40219.1
Project("{FAE04EC0-301F-11D3-BF4B-00C04F79EFBC}") = "SemaphoreConcept", "SemaphoreConcept\SemaphoreConcept.csproj", "{16DB5A89-E303-45CC-B214-9C02BDECB370}"
EndProject
Global
	GlobalSection(SolutionConfigurationPlatforms) = preSolution
		Debug|Any CPU = Debug|Any CPU
		Release|Any CPU = Release|Any CPU
	EndGlobalSection
	GlobalSection(ProjectConfigurationPlatforms) = postSolution
		{16DB5A89-E303-45CC-B214-9C02BDECB370}.Debug|Any CPU.ActiveCfg = Debug|Any CPU
		{16DB5A89-E303-45CC-B214-9C02BDECB370}.Debug|Any CPU.Build.0 = Debug|Any CPU
		{16DB5A89-E303-45CC-B214-9C02BDECB370}.Release|Any CPU.ActiveCfg = Release|Any CPU
		{16DB5A89-E303-45CC-B214-9C02BDECB370}.Release|Any CPU.Build.0 = Release|Any CPU
	EndGlobalSection
	GlobalSection(SolutionProperties) = preSolution
		HideSolutionNode = FALSE
	EndGlobalSection
	GlobalSection(ExtensibilityGlobals) = postSolution
		SolutionGuid = {77E0465B-D0F4-4AB0-BCB5-684852F21D4F}
	EndGlobalSection
EndGlobal
