
Microsoft Visual Studio Solution File, Format Version 12.00
# Visual Studio Express 15 for Windows Desktop
VisualStudioVersion = 15.0.36617.4
MinimumVisualStudioVersion = 10.0.40219.1
Project("{FAE04EC0-301F-11D3-BF4B-00C04F79EFBC}") = "AsyncDisposable", "AsyncDisposable\AsyncDisposable.csproj", "{F8535181-EF01-4104-A665-CDF257D44CE9}"
EndProject
Global
	GlobalSection(SolutionConfigurationPlatforms) = preSolution
		Debug|Any CPU = Debug|Any CPU
		Release|Any CPU = Release|Any CPU
	EndGlobalSection
	GlobalSection(ProjectConfigurationPlatforms) = postSolution
		{F8535181-EF01-4104-A665-CDF257D44CE9}.Debug|Any CPU.ActiveCfg = Debug|Any CPU
		{F8535181-EF01-4104-A665-CDF257D44CE9}.Debug|Any CPU.Build.0 = Debug|Any CPU
		{F8535181-EF01-4104-A665-CDF257D44CE9}.Release|Any CPU.ActiveCfg = Release|Any CPU
		{F8535181-EF01-4104-A665-CDF257D44CE9}.Release|Any CPU.Build.0 = Release|Any CPU
	EndGlobalSection
	GlobalSection(SolutionProperties) = preSolution
		HideSolutionNode = FALSE
	EndGlobalSection
	GlobalSection(ExtensibilityGlobals) = postSolution
		SolutionGuid = {786EA5D5-823C-43A4-9543-9A4825673CAA}
	EndGlobalSection
EndGlobal
