
Microsoft Visual Studio Solution File, Format Version 12.00
# Visual Studio Express 15 for Windows Desktop
VisualStudioVersion = 15.0.36617.4
MinimumVisualStudioVersion = 10.0.40219.1
Project("{FAE04EC0-301F-11D3-BF4B-00C04F79EFBC}") = "Starvation", "Starvation\Starvation.csproj", "{58012113-E66F-4BA2-9AF5-CEE2F26A6D7C}"
EndProject
Global
	GlobalSection(SolutionConfigurationPlatforms) = preSolution
		Debug|Any CPU = Debug|Any CPU
		Release|Any CPU = Release|Any CPU
	EndGlobalSection
	GlobalSection(ProjectConfigurationPlatforms) = postSolution
		{58012113-E66F-4BA2-9AF5-CEE2F26A6D7C}.Debug|Any CPU.ActiveCfg = Debug|Any CPU
		{58012113-E66F-4BA2-9AF5-CEE2F26A6D7C}.Debug|Any CPU.Build.0 = Debug|Any CPU
		{58012113-E66F-4BA2-9AF5-CEE2F26A6D7C}.Release|Any CPU.ActiveCfg = Release|Any CPU
		{58012113-E66F-4BA2-9AF5-CEE2F26A6D7C}.Release|Any CPU.Build.0 = Release|Any CPU
	EndGlobalSection
	GlobalSection(SolutionProperties) = preSolution
		HideSolutionNode = FALSE
	EndGlobalSection
	GlobalSection(ExtensibilityGlobals) = postSolution
		SolutionGuid = {C66B5D9F-CD60-419D-9CC4-6B998FC4F2C4}
	EndGlobalSection
EndGlobal
