
Microsoft Visual Studio Solution File, Format Version 12.00
# Visual Studio Express 15 for Windows Desktop
VisualStudioVersion = 15.0.36617.4
MinimumVisualStudioVersion = 10.0.40219.1
Project("{FAE04EC0-301F-11D3-BF4B-00C04F79EFBC}") = "TimerExercise2", "TimerExercise2\TimerExercise2.csproj", "{B29D0944-28A0-4605-81A0-45BC50132980}"
EndProject
Global
	GlobalSection(SolutionConfigurationPlatforms) = preSolution
		Debug|Any CPU = Debug|Any CPU
		Release|Any CPU = Release|Any CPU
	EndGlobalSection
	GlobalSection(ProjectConfigurationPlatforms) = postSolution
		{B29D0944-28A0-4605-81A0-45BC50132980}.Debug|Any CPU.ActiveCfg = Debug|Any CPU
		{B29D0944-28A0-4605-81A0-45BC50132980}.Debug|Any CPU.Build.0 = Debug|Any CPU
		{B29D0944-28A0-4605-81A0-45BC50132980}.Release|Any CPU.ActiveCfg = Release|Any CPU
		{B29D0944-28A0-4605-81A0-45BC50132980}.Release|Any CPU.Build.0 = Release|Any CPU
	EndGlobalSection
	GlobalSection(SolutionProperties) = preSolution
		HideSolutionNode = FALSE
	EndGlobalSection
	GlobalSection(ExtensibilityGlobals) = postSolution
		SolutionGuid = {C9AE39D9-D222-4B46-BF5C-583C02DDD81C}
	EndGlobalSection
EndGlobal
