
Microsoft Visual Studio Solution File, Format Version 12.00
# Visual Studio Express 15 for Windows Desktop
VisualStudioVersion = 15.0.36617.4
MinimumVisualStudioVersion = 10.0.40219.1
Project("{FAE04EC0-301F-11D3-BF4B-00C04F79EFBC}") = "WPFThreading_IProgress", "WPFThreading_IProgress\WPFThreading_IProgress.csproj", "{84959DEA-BD66-4716-8016-E9A1B2242546}"
EndProject
Global
	GlobalSection(SolutionConfigurationPlatforms) = preSolution
		Debug|Any CPU = Debug|Any CPU
		Release|Any CPU = Release|Any CPU
	EndGlobalSection
	GlobalSection(ProjectConfigurationPlatforms) = postSolution
		{84959DEA-BD66-4716-8016-E9A1B2242546}.Debug|Any CPU.ActiveCfg = Debug|Any CPU
		{84959DEA-BD66-4716-8016-E9A1B2242546}.Debug|Any CPU.Build.0 = Debug|Any CPU
		{84959DEA-BD66-4716-8016-E9A1B2242546}.Release|Any CPU.ActiveCfg = Release|Any CPU
		{84959DEA-BD66-4716-8016-E9A1B2242546}.Release|Any CPU.Build.0 = Release|Any CPU
	EndGlobalSection
	GlobalSection(SolutionProperties) = preSolution
		HideSolutionNode = FALSE
	EndGlobalSection
	GlobalSection(ExtensibilityGlobals) = postSolution
		SolutionGuid = {6193D34F-1145-44AB-BF79-C97A17322535}
	EndGlobalSection
EndGlobal
