
Microsoft Visual Studio Solution File, Format Version 12.00
# Visual Studio Express 15 for Windows Desktop
VisualStudioVersion = 15.0.36617.4
MinimumVisualStudioVersion = 10.0.40219.1
Project("{FAE04EC0-301F-11D3-BF4B-00C04F79EFBC}") = "WhyThread", "WhyThread\WhyThread.csproj", "{064268DF-EA1D-46A6-A5EB-3B37E23F4F03}"
EndProject
Global
	GlobalSection(SolutionConfigurationPlatforms) = preSolution
		Debug|Any CPU = Debug|Any CPU
		Release|Any CPU = Release|Any CPU
	EndGlobalSection
	GlobalSection(ProjectConfigurationPlatforms) = postSolution
		{064268DF-EA1D-46A6-A5EB-3B37E23F4F03}.Debug|Any CPU.ActiveCfg = Debug|Any CPU
		{064268DF-EA1D-46A6-A5EB-3B37E23F4F03}.Debug|Any CPU.Build.0 = Debug|Any CPU
		{064268DF-EA1D-46A6-A5EB-3B37E23F4F03}.Release|Any CPU.ActiveCfg = Release|Any CPU
		{064268DF-EA1D-46A6-A5EB-3B37E23F4F03}.Release|Any CPU.Build.0 = Release|Any CPU
	EndGlobalSection
	GlobalSection(SolutionProperties) = preSolution
		HideSolutionNode = FALSE
	EndGlobalSection
	GlobalSection(ExtensibilityGlobals) = postSolution
		SolutionGuid = {7BCD9D03-3F60-4F7E-B8E9-4BAC9FA95EEB}
	EndGlobalSection
EndGlobal
