
Microsoft Visual Studio Solution File, Format Version 12.00
# Visual Studio Express 15 for Windows Desktop
VisualStudioVersion = 15.0.36617.4
MinimumVisualStudioVersion = 10.0.40219.1
Project("{FAE04EC0-301F-11D3-BF4B-00C04F79EFBC}") = "ConcurrentBag", "ConcurrentBag\ConcurrentBag.csproj", "{1B320B90-8C51-453F-A2B6-BE60BE099D51}"
EndProject
Global
	GlobalSection(SolutionConfigurationPlatforms) = preSolution
		Debug|Any CPU = Debug|Any CPU
		Release|Any CPU = Release|Any CPU
	EndGlobalSection
	GlobalSection(ProjectConfigurationPlatforms) = postSolution
		{1B320B90-8C51-453F-A2B6-BE60BE099D51}.Debug|Any CPU.ActiveCfg = Debug|Any CPU
		{1B320B90-8C51-453F-A2B6-BE60BE099D51}.Debug|Any CPU.Build.0 = Debug|Any CPU
		{1B320B90-8C51-453F-A2B6-BE60BE099D51}.Release|Any CPU.ActiveCfg = Release|Any CPU
		{1B320B90-8C51-453F-A2B6-BE60BE099D51}.Release|Any CPU.Build.0 = Release|Any CPU
	EndGlobalSection
	GlobalSection(SolutionProperties) = preSolution
		HideSolutionNode = FALSE
	EndGlobalSection
	GlobalSection(ExtensibilityGlobals) = postSolution
		SolutionGuid = {D1A21559-D307-421F-9141-5FDE69F4111F}
	EndGlobalSection
EndGlobal
