
Microsoft Visual Studio Solution File, Format Version 12.00
# Visual Studio Express 15 for Windows Desktop
VisualStudioVersion = 15.0.36617.4
MinimumVisualStudioVersion = 10.0.40219.1
Project("{FAE04EC0-301F-11D3-BF4B-00C04F79EFBC}") = "FileDownloader", "FileDownloader\FileDownloader.csproj", "{F9143FC2-585C-44A6-AFC1-F50BAF25B104}"
EndProject
Global
	GlobalSection(SolutionConfigurationPlatforms) = preSolution
		Debug|Any CPU = Debug|Any CPU
		Release|Any CPU = Release|Any CPU
	EndGlobalSection
	GlobalSection(ProjectConfigurationPlatforms) = postSolution
		{F9143FC2-585C-44A6-AFC1-F50BAF25B104}.Debug|Any CPU.ActiveCfg = Debug|Any CPU
		{F9143FC2-585C-44A6-AFC1-F50BAF25B104}.Debug|Any CPU.Build.0 = Debug|Any CPU
		{F9143FC2-585C-44A6-AFC1-F50BAF25B104}.Release|Any CPU.ActiveCfg = Release|Any CPU
		{F9143FC2-585C-44A6-AFC1-F50BAF25B104}.Release|Any CPU.Build.0 = Release|Any CPU
	EndGlobalSection
	GlobalSection(SolutionProperties) = preSolution
		HideSolutionNode = FALSE
	EndGlobalSection
	GlobalSection(ExtensibilityGlobals) = postSolution
		SolutionGuid = {49DA87B3-9990-4B33-81F1-4D97035FFB9A}
	EndGlobalSection
EndGlobal
