
Microsoft Visual Studio Solution File, Format Version 12.00
# Visual Studio Express 15 for Windows Desktop
VisualStudioVersion = 15.0.36617.4
MinimumVisualStudioVersion = 10.0.40219.1
Project("{FAE04EC0-301F-11D3-BF4B-00C04F79EFBC}") = "ExceptionHandling", "ExceptionHandling\ExceptionHandling.csproj", "{0BF6EDE3-16B6-4F70-9E04-187063D6429A}"
EndProject
Global
	GlobalSection(SolutionConfigurationPlatforms) = preSolution
		Debug|Any CPU = Debug|Any CPU
		Release|Any CPU = Release|Any CPU
	EndGlobalSection
	GlobalSection(ProjectConfigurationPlatforms) = postSolution
		{0BF6EDE3-16B6-4F70-9E04-187063D6429A}.Debug|Any CPU.ActiveCfg = Debug|Any CPU
		{0BF6EDE3-16B6-4F70-9E04-187063D6429A}.Debug|Any CPU.Build.0 = Debug|Any CPU
		{0BF6EDE3-16B6-4F70-9E04-187063D6429A}.Release|Any CPU.ActiveCfg = Release|Any CPU
		{0BF6EDE3-16B6-4F70-9E04-187063D6429A}.Release|Any CPU.Build.0 = Release|Any CPU
	EndGlobalSection
	GlobalSection(SolutionProperties) = preSolution
		HideSolutionNode = FALSE
	EndGlobalSection
	GlobalSection(ExtensibilityGlobals) = postSolution
		SolutionGuid = {2A927531-7891-4B3D-A6C9-140D2D5EE284}
	EndGlobalSection
EndGlobal
