
Microsoft Visual Studio Solution File, Format Version 12.00
# Visual Studio Express 15 for Windows Desktop
VisualStudioVersion = 15.0.36617.4
MinimumVisualStudioVersion = 10.0.40219.1
Project("{FAE04EC0-301F-11D3-BF4B-00C04F79EFBC}") = "ThreadStaticTopic", "ThreadStaticTopic\ThreadStaticTopic.csproj", "{58B9E69B-CB68-4DA9-A070-53E21FA9A515}"
EndProject
Global
	GlobalSection(SolutionConfigurationPlatforms) = preSolution
		Debug|Any CPU = Debug|Any CPU
		Release|Any CPU = Release|Any CPU
	EndGlobalSection
	GlobalSection(ProjectConfigurationPlatforms) = postSolution
		{58B9E69B-CB68-4DA9-A070-53E21FA9A515}.Debug|Any CPU.ActiveCfg = Debug|Any CPU
		{58B9E69B-CB68-4DA9-A070-53E21FA9A515}.Debug|Any CPU.Build.0 = Debug|Any CPU
		{58B9E69B-CB68-4DA9-A070-53E21FA9A515}.Release|Any CPU.ActiveCfg = Release|Any CPU
		{58B9E69B-CB68-4DA9-A070-53E21FA9A515}.Release|Any CPU.Build.0 = Release|Any CPU
	EndGlobalSection
	GlobalSection(SolutionProperties) = preSolution
		HideSolutionNode = FALSE
	EndGlobalSection
	GlobalSection(ExtensibilityGlobals) = postSolution
		SolutionGuid = {A9CE8D15-5518-4E36-85B8-E944E8117A4E}
	EndGlobalSection
EndGlobal
