
Microsoft Visual Studio Solution File, Format Version 12.00
# Visual Studio Express 15 for Windows Desktop
VisualStudioVersion = 15.0.36617.4
MinimumVisualStudioVersion = 10.0.40219.1
Project("{FAE04EC0-301F-11D3-BF4B-00C04F79EFBC}") = "AsyncStreams", "AsyncStreams\AsyncStreams.csproj", "{8D3840FF-1846-465B-B7B7-E23B35B93821}"
EndProject
Global
	GlobalSection(SolutionConfigurationPlatforms) = preSolution
		Debug|Any CPU = Debug|Any CPU
		Release|Any CPU = Release|Any CPU
	EndGlobalSection
	GlobalSection(ProjectConfigurationPlatforms) = postSolution
		{8D3840FF-1846-465B-B7B7-E23B35B93821}.Debug|Any CPU.ActiveCfg = Debug|Any CPU
		{8D3840FF-1846-465B-B7B7-E23B35B93821}.Debug|Any CPU.Build.0 = Debug|Any CPU
		{8D3840FF-1846-465B-B7B7-E23B35B93821}.Release|Any CPU.ActiveCfg = Release|Any CPU
		{8D3840FF-1846-465B-B7B7-E23B35B93821}.Release|Any CPU.Build.0 = Release|Any CPU
	EndGlobalSection
	GlobalSection(SolutionProperties) = preSolution
		HideSolutionNode = FALSE
	EndGlobalSection
	GlobalSection(ExtensibilityGlobals) = postSolution
		SolutionGuid = {89ED0FFC-7208-4CCA-926E-DD716BA29303}
	EndGlobalSection
EndGlobal
