
Microsoft Visual Studio Solution File, Format Version 12.00
# Visual Studio Express 15 for Windows Desktop
VisualStudioVersion = 15.0.36617.4
MinimumVisualStudioVersion = 10.0.40219.1
Project("{FAE04EC0-301F-11D3-BF4B-00C04F79EFBC}") = "LocalThread", "LocalThread\LocalThread.csproj", "{70DA0795-BDED-4B1F-AF64-B4C8AF7C03E7}"
EndProject
Global
	GlobalSection(SolutionConfigurationPlatforms) = preSolution
		Debug|Any CPU = Debug|Any CPU
		Release|Any CPU = Release|Any CPU
	EndGlobalSection
	GlobalSection(ProjectConfigurationPlatforms) = postSolution
		{70DA0795-BDED-4B1F-AF64-B4C8AF7C03E7}.Debug|Any CPU.ActiveCfg = Debug|Any CPU
		{70DA0795-BDED-4B1F-AF64-B4C8AF7C03E7}.Debug|Any CPU.Build.0 = Debug|Any CPU
		{70DA0795-BDED-4B1F-AF64-B4C8AF7C03E7}.Release|Any CPU.ActiveCfg = Release|Any CPU
		{70DA0795-BDED-4B1F-AF64-B4C8AF7C03E7}.Release|Any CPU.Build.0 = Release|Any CPU
	EndGlobalSection
	GlobalSection(SolutionProperties) = preSolution
		HideSolutionNode = FALSE
	EndGlobalSection
	GlobalSection(ExtensibilityGlobals) = postSolution
		SolutionGuid = {699D1097-F2B6-49AD-AAA9-02C0E3543AA4}
	EndGlobalSection
EndGlobal
