
Microsoft Visual Studio Solution File, Format Version 12.00
# Visual Studio Express 15 for Windows Desktop
VisualStudioVersion = 15.0.36617.4
MinimumVisualStudioVersion = 10.0.40219.1
Project("{FAE04EC0-301F-11D3-BF4B-00C04F79EFBC}") = "AppDomains", "AppDomain\AppDomains.csproj", "{D4DA0FF6-D2AD-456F-BA53-AA4C904569A9}"
EndProject
Global
	GlobalSection(SolutionConfigurationPlatforms) = preSolution
		Debug|Any CPU = Debug|Any CPU
		Release|Any CPU = Release|Any CPU
	EndGlobalSection
	GlobalSection(ProjectConfigurationPlatforms) = postSolution
		{D4DA0FF6-D2AD-456F-BA53-AA4C904569A9}.Debug|Any CPU.ActiveCfg = Debug|Any CPU
		{D4DA0FF6-D2AD-456F-BA53-AA4C904569A9}.Debug|Any CPU.Build.0 = Debug|Any CPU
		{D4DA0FF6-D2AD-456F-BA53-AA4C904569A9}.Release|Any CPU.ActiveCfg = Release|Any CPU
		{D4DA0FF6-D2AD-456F-BA53-AA4C904569A9}.Release|Any CPU.Build.0 = Release|Any CPU
	EndGlobalSection
	GlobalSection(SolutionProperties) = preSolution
		HideSolutionNode = FALSE
	EndGlobalSection
	GlobalSection(ExtensibilityGlobals) = postSolution
		SolutionGuid = {6BC6AD06-6D78-4466-A422-C462EAF1B7EA}
	EndGlobalSection
EndGlobal
