
Microsoft Visual Studio Solution File, Format Version 12.00
# Visual Studio Express 15 for Windows Desktop
VisualStudioVersion = 15.0.36617.4
MinimumVisualStudioVersion = 10.0.40219.1
Project("{FAE04EC0-301F-11D3-BF4B-00C04F79EFBC}") = "MiniCapstoneProject", "MiniCapstoneProject\MiniCapstoneProject.csproj", "{AA83A771-A201-4934-9249-7A94A561F056}"
EndProject
Global
	GlobalSection(SolutionConfigurationPlatforms) = preSolution
		Debug|Any CPU = Debug|Any CPU
		Release|Any CPU = Release|Any CPU
	EndGlobalSection
	GlobalSection(ProjectConfigurationPlatforms) = postSolution
		{AA83A771-A201-4934-9249-7A94A561F056}.Debug|Any CPU.ActiveCfg = Debug|Any CPU
		{AA83A771-A201-4934-9249-7A94A561F056}.Debug|Any CPU.Build.0 = Debug|Any CPU
		{AA83A771-A201-4934-9249-7A94A561F056}.Release|Any CPU.ActiveCfg = Release|Any CPU
		{AA83A771-A201-4934-9249-7A94A561F056}.Release|Any CPU.Build.0 = Release|Any CPU
	EndGlobalSection
	GlobalSection(SolutionProperties) = preSolution
		HideSolutionNode = FALSE
	EndGlobalSection
	GlobalSection(ExtensibilityGlobals) = postSolution
		SolutionGuid = {3B5C9980-290D-4A08-BCDE-E8747671DC04}
	EndGlobalSection
EndGlobal
